{
    "_readme": [
        "This file locks the dependencies of your project to a known state",
        "Read more about it at https://getcomposer.org/doc/01-basic-usage.md#composer-lock-the-lock-file",
        "This file is @generated automatically"
    ],
    "content-hash": "d96342c37f2d5f0434cca6bd29d6af37",
    "packages": [
        {
            "name": "r3k4/ck-storage",
            "version": "v0.6.1",
            "source": {
                "type": "git",
                "url": "https://github.com/r3k4/ck-storage.git",
                "reference": "70938694c8ed36e9f4ccc2617cbb4e494013097c"
            },
            "dist": {
                "type": "zip",
                "url": "https://api.github.com/repos/r3k4/ck-storage/zipball/70938694c8ed36e9f4ccc2617cbb4e494013097c",
                "reference": "70938694c8ed36e9f4ccc2617cbb4e494013097c",
                "shasum": ""
            },
            "require": {
                "php": ">=5.5.0"
            },
            "type": "library",
            "autoload": {
                "psr-4": {
                    "Reka\\": "src/S3"
                }
            },
            "notification-url": "https://packagist.org/downloads/",
            "license": [
                "MIT"
            ],
            "authors": [
                {
                    "name": "Reka Prihatanto",
                    "email": "rey.barrolz@gmail.com"
                }
            ],
            "description": "A simple cloudkilat storage s3 class for laravel ",
            "keywords": [
                "AWS S3",
                "cloudkilat",
                "s3"
            ],
            "time": "2017-01-20T20:04:39+00:00"
        }
    ],
    "packages-dev": [],
    "aliases": [],
    "minimum-stability": "stable",
    "stability-flags": [],
    "prefer-stable": false,
    "prefer-lowest": false,
    "platform": [],
    "platform-dev": []
}
